# This file is automatically @generated by Cargo.
# It is not intended for manual editing.
version = 3

[[package]]
name = "ahash"
version = "0.8.3"
source = "registry+https://github.com/rust-lang/crates.io-index"
checksum = "2c99f64d1e06488f620f932677e24bc6e2897582980441ae90a671415bd7ec2f"
dependencies = [
 "cfg-if",
 "once_cell",
 "version_check",
]

[[package]]
name = "aligned"
version = "0.3.5"
source = "registry+https://github.com/rust-lang/crates.io-index"
checksum = "3a785a543aea40f5e4e2e93bb2655d31bc21bb391fff65697150973e383f16bb"
dependencies = [
 "as-slice",
]

[[package]]
name = "android-tzdata"
version = "0.1.1"
source = "registry+https://github.com/rust-lang/crates.io-index"
checksum = "e999941b234f3131b00bc13c22d06e8c5ff726d1b6318ac7eb276997bbb4fef0"

[[package]]
name = "as-slice"
version = "0.1.5"
source = "registry+https://github.com/rust-lang/crates.io-index"
checksum = "45403b49e3954a4b8428a0ac21a4b7afadccf92bfd96273f1a58cd4812496ae0"
dependencies = [
 "generic-array 0.12.4",
 "generic-array 0.13.3",
 "generic-array 0.14.7",
 "stable_deref_trait",
]

[[package]]
name = "autocfg"
version = "1.1.0"
source = "registry+https://github.com/rust-lang/crates.io-index"
checksum = "d468802bab17cbc0cc575e9b053f41e72aa36bfa6b7f55e3529ffa43161b97fa"

[[package]]
name = "bare-metal"
version = "0.2.5"
source = "registry+https://github.com/rust-lang/crates.io-index"
checksum = "5deb64efa5bd81e31fcd1938615a6d98c82eafcbcd787162b6f63b91d6bac5b3"
dependencies = [
 "rustc_version 0.2.3",
]

[[package]]
name = "bare-metal"
version = "1.0.0"
source = "registry+https://github.com/rust-lang/crates.io-index"
checksum = "f8fe8f5a8a398345e52358e18ff07cc17a568fbca5c6f73873d3a62056309603"

[[package]]
name = "bbqueue"
version = "0.3.2"
source = "registry+https://github.com/rust-lang/crates.io-index"
checksum = "fd19d1f2d21e6f6de95a61ea33bcfda30f30ac90ac3636d6d83a14baef4310f4"

[[package]]
name = "bit_field"
version = "0.9.0"
source = "registry+https://github.com/rust-lang/crates.io-index"
checksum = "ed8765909f9009617974ab6b7d332625b320b33c326b1e9321382ef1999b5d56"

[[package]]
name = "bit_field"
version = "0.10.2"
source = "registry+https://github.com/rust-lang/crates.io-index"
checksum = "dc827186963e592360843fb5ba4b973e145841266c1357f7180c43526f2e5b61"

[[package]]
name = "bitfield"
version = "0.13.2"
source = "registry+https://github.com/rust-lang/crates.io-index"
checksum = "46afbd2983a5d5a7bd740ccb198caf5b82f45c40c09c0eed36052d91cb92e719"

[[package]]
name = "bitfield"
version = "0.14.0"
source = "registry+https://github.com/rust-lang/crates.io-index"
checksum = "2d7e60934ceec538daadb9d8432424ed043a904d8e0243f3c6446bce549a46ac"

[[package]]
name = "bitflags"
version = "1.3.2"
source = "registry+https://github.com/rust-lang/crates.io-index"
checksum = "bef38d45163c2f1dde094a7dfd33ccf595c92905c8f8f4fdc18d06fb1037718a"

[[package]]
name = "bxcan"
version = "0.5.1"
source = "registry+https://github.com/rust-lang/crates.io-index"
checksum = "76ebc678b8ec2b87e3c3a77a1c4449006dd079e40d66fe0758f2d41a3b561fff"
dependencies = [
 "bitflags",
 "defmt",
 "embedded-can",
 "nb 1.1.0",
 "vcell",
]

[[package]]
name = "byteorder"
version = "1.4.3"
source = "registry+https://github.com/rust-lang/crates.io-index"
checksum = "14c189c53d098945499cdfa7ecc63567cf3886b3332b312a5b4585d8d3a6a610"

[[package]]
name = "cast"
version = "0.2.7"
source = "registry+https://github.com/rust-lang/crates.io-index"
checksum = "4c24dab4283a142afa2fdca129b80ad2c6284e073930f964c3a1293c225ee39a"
dependencies = [
 "rustc_version 0.4.0",
]

[[package]]
name = "cast"
version = "0.3.0"
source = "registry+https://github.com/rust-lang/crates.io-index"
checksum = "37b2a672a2cb129a2e41c10b1224bb368f9f37a2b16b612598138befd7b37eb5"

[[package]]
name = "cfg-if"
version = "1.0.0"
source = "registry+https://github.com/rust-lang/crates.io-index"
checksum = "baf1de4339761588bc0619e3cbc0120ee582ebb74b53b4efbf79117bd2da40fd"

[[package]]
name = "chrono"
version = "0.4.26"
source = "registry+https://github.com/rust-lang/crates.io-index"
checksum = "ec837a71355b28f6556dbd569b37b3f363091c0bd4b2e735674521b4c5fd9bc5"
dependencies = [
 "android-tzdata",
 "num-traits",
]

[[package]]
name = "cortex-m"
version = "0.6.7"
source = "registry+https://github.com/rust-lang/crates.io-index"
checksum = "9075300b07c6a56263b9b582c214d0ff037b00d45ec9fde1cc711490c56f1bb9"
dependencies = [
 "aligned",
 "bare-metal 0.2.5",
 "bitfield 0.13.2",
 "cortex-m 0.7.7",
 "volatile-register",
]

[[package]]
name = "cortex-m"
version = "0.7.7"
source = "registry+https://github.com/rust-lang/crates.io-index"
checksum = "8ec610d8f49840a5b376c69663b6369e71f4b34484b9b2eb29fb918d92516cb9"
dependencies = [
 "bare-metal 0.2.5",
 "bitfield 0.13.2",
 "embedded-hal",
 "volatile-register",
]

[[package]]
name = "cortex-m-rt"
version = "0.7.3"
source = "registry+https://github.com/rust-lang/crates.io-index"
checksum = "ee84e813d593101b1723e13ec38b6ab6abbdbaaa4546553f5395ed274079ddb1"
dependencies = [
 "cortex-m-rt-macros",
]

[[package]]
name = "cortex-m-rt-macros"
version = "0.7.0"
source = "registry+https://github.com/rust-lang/crates.io-index"
checksum = "f0f6f3e36f203cfedbc78b357fb28730aa2c6dc1ab060ee5c2405e843988d3c7"
dependencies = [
 "proc-macro2 1.0.60",
 "quote 1.0.28",
 "syn 1.0.109",
]

[[package]]
name = "cortex-m-semihosting"
version = "0.3.7"
source = "registry+https://github.com/rust-lang/crates.io-index"
checksum = "6bffa6c1454368a6aa4811ae60964c38e6996d397ff8095a8b9211b1c1f749bc"
dependencies = [
 "cortex-m 0.7.7",
]

[[package]]
name = "critical-section"
version = "1.1.1"
source = "registry+https://github.com/rust-lang/crates.io-index"
checksum = "6548a0ad5d2549e111e1f6a11a6c2e2d00ce6a3dafe22948d67c2b443f775e52"

[[package]]
name = "defmt"
version = "0.2.3"
source = "registry+https://github.com/rust-lang/crates.io-index"
checksum = "15fe96f5d208164afa70583ff8f062e7697cbbb0b98e5076fbf8ac6da9edff0f"
dependencies = [
 "defmt-macros",
 "semver 1.0.17",
]

[[package]]
name = "defmt-macros"
version = "0.2.3"
source = "registry+https://github.com/rust-lang/crates.io-index"
checksum = "9bd2c3949cb76c25f48c363e61b97f05b317efe3c12fa45d54a6599c3949c85e"
dependencies = [
 "defmt-parser",
 "proc-macro2 1.0.60",
 "quote 1.0.28",
 "syn 1.0.109",
]

[[package]]
name = "defmt-parser"
version = "0.2.2"
source = "registry+https://github.com/rust-lang/crates.io-index"
checksum = "bc621c2b4f5f5635e34021c38af2ccb0c1dae38ba11ebee25258de8bb1cee9fe"

[[package]]
name = "embedded-can"
version = "0.3.0"
source = "registry+https://github.com/rust-lang/crates.io-index"
checksum = "12719661dce6080d174aa0a9df1f61756022dc105c1761bcd37091a0ee5de635"
dependencies = [
 "nb 1.1.0",
]

[[package]]
name = "embedded-dma"
version = "0.1.2"
source = "registry+https://github.com/rust-lang/crates.io-index"
checksum = "46c8c02e4347a0267ca60813c952017f4c5948c232474c6010a381a337f1bda4"
dependencies = [
 "stable_deref_trait",
]

[[package]]
name = "embedded-hal"
version = "0.2.7"
source = "registry+https://github.com/rust-lang/crates.io-index"
checksum = "35949884794ad573cf46071e41c9b60efb0cb311e3ca01f7af807af1debc66ff"
dependencies = [
 "nb 0.1.3",
 "void",
]

[[package]]
name = "embedded-time"
version = "0.12.1"
source = "registry+https://github.com/rust-lang/crates.io-index"
checksum = "d7a4b4d10ac48d08bfe3db7688c402baadb244721f30a77ce360bd24c3dffe58"
dependencies = [
 "num",
]

[[package]]
name = "encode_unicode"
version = "0.3.6"
source = "registry+https://github.com/rust-lang/crates.io-index"
checksum = "a357d28ed41a50f9c765dbfe56cbc04a64e53e5fc58ba79fbc34c10ef3df831f"

[[package]]
name = "example-f401-board"
version = "0.1.0"
dependencies = [
 "cortex-m-rt",
 "panic-semihosting",
 "stm32f4xx-hal",
 "usb-device",
 "usbd-serial",
]

[[package]]
name = "example-f407-board"
version = "0.1.0"
dependencies = [
 "cortex-m-rt",
 "panic-semihosting",
 "stm32f4xx-hal",
 "usb-device",
 "usbd-serial",
]

[[package]]
name = "example-f429zi-board"
version = "0.1.0"
dependencies = [
 "cortex-m-rt",
 "panic-semihosting",
 "stm32f4xx-hal",
 "usb-device",
 "usbd-serial",
]

[[package]]
name = "example-f446ze-board"
version = "0.1.0"
dependencies = [
 "cortex-m-rt",
 "panic-semihosting",
 "stm32f4xx-hal",
 "usb-device",
 "usbd-serial",
]

[[package]]
name = "example-f723e-disco-board"
version = "0.1.0"
dependencies = [
 "cortex-m 0.7.7",
 "cortex-m-rt",
 "nb 0.1.3",
 "panic-halt",
 "panic-rtt-target",
 "rtt-target",
 "stm32f7xx-hal",
 "usb-device",
 "usbd-serial",
]

[[package]]
name = "example-longan-nano-board"
version = "0.1.0"
dependencies = [
 "gd32vf103xx-hal",
 "panic-halt",
 "riscv 0.5.4",
 "riscv-rt",
 "synopsys-usb-otg",
 "usb-device",
 "usbd-hid",
]

[[package]]
name = "example-stlinkv3-board"
version = "0.1.0"
dependencies = [
 "cortex-m 0.7.7",
 "cortex-m-rt",
 "nb 0.1.3",
 "panic-halt",
 "panic-rtt-target",
 "rtt-target",
 "stm32f7xx-hal",
 "usb-device",
 "usbd-serial",
]

[[package]]
name = "fugit"
version = "0.3.7"
source = "registry+https://github.com/rust-lang/crates.io-index"
checksum = "17186ad64927d5ac8f02c1e77ccefa08ccd9eaa314d5a4772278aa204a22f7e7"
dependencies = [
 "gcd",
]

[[package]]
name = "gcd"
version = "2.3.0"
source = "registry+https://github.com/rust-lang/crates.io-index"
checksum = "1d758ba1b47b00caf47f24925c0074ecb20d6dfcffe7f6d53395c0465674841a"

[[package]]
name = "gd32vf103-pac"
version = "0.5.0"
source = "registry+https://github.com/rust-lang/crates.io-index"
checksum = "190a1eea3c7e073208d97683622012a45f672d743664d8152f0a10ea5151a79c"
dependencies = [
 "critical-section",
 "riscv 0.10.1",
 "vcell",
]

[[package]]
name = "gd32vf103xx-hal"
version = "0.5.0"
source = "git+https://github.com/rmsyn/gd32vf103xx-hal?branch=dev#55152d862cf5fc431256d72f88df03b3e2cc3793"
dependencies = [
 "cast 0.2.7",
 "critical-section",
 "embedded-dma",
 "embedded-hal",
 "gd32vf103-pac",
 "nb 0.1.3",
 "riscv 0.10.1",
 "usb-device",
 "vcell",
 "void",
]

[[package]]
name = "generic-array"
version = "0.12.4"
source = "registry+https://github.com/rust-lang/crates.io-index"
checksum = "ffdf9f34f1447443d37393cc6c2b8313aebddcd96906caf34e54c68d8e57d7bd"
dependencies = [
 "typenum",
]

[[package]]
name = "generic-array"
version = "0.13.3"
source = "registry+https://github.com/rust-lang/crates.io-index"
checksum = "f797e67af32588215eaaab8327027ee8e71b9dd0b2b26996aedf20c030fce309"
dependencies = [
 "typenum",
]

[[package]]
name = "generic-array"
version = "0.14.7"
source = "registry+https://github.com/rust-lang/crates.io-index"
checksum = "85649ca51fd72272d7821adaf274ad91c288277713d9c18820d8499a7ff69e9a"
dependencies = [
 "typenum",
 "version_check",
]

[[package]]
name = "hash32"
version = "0.1.1"
source = "registry+https://github.com/rust-lang/crates.io-index"
checksum = "d4041af86e63ac4298ce40e5cca669066e75b6f1aa3390fe2561ffa5e1d9f4cc"
dependencies = [
 "byteorder",
]

[[package]]
name = "hashbrown"
version = "0.13.2"
source = "registry+https://github.com/rust-lang/crates.io-index"
checksum = "43a3c133739dddd0d2990f9a4bdf8eb4b21ef50e4851ca85ab661199821d510e"
dependencies = [
 "ahash",
]

[[package]]
name = "heapless"
version = "0.5.6"
source = "registry+https://github.com/rust-lang/crates.io-index"
checksum = "74911a68a1658cfcfb61bc0ccfbd536e3b6e906f8c2f7883ee50157e3e2184f1"
dependencies = [
 "as-slice",
 "generic-array 0.13.3",
 "hash32",
 "stable_deref_trait",
]

[[package]]
name = "log"
version = "0.4.19"
source = "registry+https://github.com/rust-lang/crates.io-index"
checksum = "b06a4cde4c0f271a446782e3eff8de789548ce57dbc8eca9292c27f4a42004b4"

[[package]]
name = "micromath"
version = "1.1.1"
source = "registry+https://github.com/rust-lang/crates.io-index"
checksum = "bc4010833aea396656c2f91ee704d51a6f1329ec2ab56ffd00bfd56f7481ea94"

[[package]]
name = "nb"
version = "0.1.3"
source = "registry+https://github.com/rust-lang/crates.io-index"
checksum = "801d31da0513b6ec5214e9bf433a77966320625a37860f910be265be6e18d06f"
dependencies = [
 "nb 1.1.0",
]

[[package]]
name = "nb"
version = "1.1.0"
source = "registry+https://github.com/rust-lang/crates.io-index"
checksum = "8d5439c4ad607c3c23abf66de8c8bf57ba8adcd1f129e699851a6e43935d339d"

[[package]]
name = "num"
version = "0.3.1"
source = "registry+https://github.com/rust-lang/crates.io-index"
checksum = "8b7a8e9be5e039e2ff869df49155f1c06bd01ade2117ec783e56ab0932b67a8f"
dependencies = [
 "num-complex",
 "num-integer",
 "num-iter",
 "num-rational",
 "num-traits",
]

[[package]]
name = "num-complex"
version = "0.3.1"
source = "registry+https://github.com/rust-lang/crates.io-index"
checksum = "747d632c0c558b87dbabbe6a82f3b4ae03720d0646ac5b7b4dae89394be5f2c5"
dependencies = [
 "num-traits",
]

[[package]]
name = "num-integer"
version = "0.1.45"
source = "registry+https://github.com/rust-lang/crates.io-index"
checksum = "225d3389fb3509a24c93f5c29eb6bde2586b98d9f016636dff58d7c6f7569cd9"
dependencies = [
 "autocfg",
 "num-traits",
]

[[package]]
name = "num-iter"
version = "0.1.43"
source = "registry+https://github.com/rust-lang/crates.io-index"
checksum = "7d03e6c028c5dc5cac6e2dec0efda81fc887605bb3d884578bb6d6bf7514e252"
dependencies = [
 "autocfg",
 "num-integer",
 "num-traits",
]

[[package]]
name = "num-rational"
version = "0.3.2"
source = "registry+https://github.com/rust-lang/crates.io-index"
checksum = "12ac428b1cb17fce6f731001d307d351ec70a6d202fc2e60f7d4c5e42d8f4f07"
dependencies = [
 "autocfg",
 "num-integer",
 "num-traits",
]

[[package]]
name = "num-traits"
version = "0.2.15"
source = "registry+https://github.com/rust-lang/crates.io-index"
checksum = "578ede34cf02f8924ab9447f50c28075b4d3e5b269972345e7e0372b38c6cdcd"
dependencies = [
 "autocfg",
]

[[package]]
name = "once_cell"
version = "1.18.0"
source = "registry+https://github.com/rust-lang/crates.io-index"
checksum = "dd8b5dd2ae5ed71462c540258bedcb51965123ad7e7ccf4b9a8cafaa4a63576d"

[[package]]
name = "panic-halt"
version = "0.2.0"
source = "registry+https://github.com/rust-lang/crates.io-index"
checksum = "de96540e0ebde571dc55c73d60ef407c653844e6f9a1e2fdbd40c07b9252d812"

[[package]]
name = "panic-rtt-target"
version = "0.1.2"
source = "registry+https://github.com/rust-lang/crates.io-index"
checksum = "0d6ab67bc881453e4c90f958c657c1303670ea87bc1a16e87fd71a40f656dce9"
dependencies = [
 "cortex-m 0.7.7",
 "rtt-target",
]

[[package]]
name = "panic-semihosting"
version = "0.5.6"
source = "registry+https://github.com/rust-lang/crates.io-index"
checksum = "c3d55dedd501dfd02514646e0af4d7016ce36bc12ae177ef52056989966a1eec"
dependencies = [
 "cortex-m 0.7.7",
 "cortex-m-semihosting",
]

[[package]]
name = "proc-macro2"
version = "0.4.30"
source = "registry+https://github.com/rust-lang/crates.io-index"
checksum = "cf3d2011ab5c909338f7887f4fc896d35932e29146c12c8d01da6b22a80ba759"
dependencies = [
 "unicode-xid",
]

[[package]]
name = "proc-macro2"
version = "1.0.60"
source = "registry+https://github.com/rust-lang/crates.io-index"
checksum = "dec2b086b7a862cf4de201096214fa870344cf922b2b30c167badb3af3195406"
dependencies = [
 "unicode-ident",
]

[[package]]
name = "quote"
version = "0.6.13"
source = "registry+https://github.com/rust-lang/crates.io-index"
checksum = "6ce23b6b870e8f94f81fb0a363d65d86675884b34a09043c81e5562f11c1f8e1"
dependencies = [
 "proc-macro2 0.4.30",
]

[[package]]
name = "quote"
version = "1.0.28"
source = "registry+https://github.com/rust-lang/crates.io-index"
checksum = "1b9ab9c7eadfd8df19006f1cf1a4aed13540ed5cbc047010ece5826e10825488"
dependencies = [
 "proc-macro2 1.0.60",
]

[[package]]
name = "r0"
version = "0.2.2"
source = "registry+https://github.com/rust-lang/crates.io-index"
checksum = "e2a38df5b15c8d5c7e8654189744d8e396bddc18ad48041a500ce52d6948941f"

[[package]]
name = "rand"
version = "0.5.6"
source = "registry+https://github.com/rust-lang/crates.io-index"
checksum = "c618c47cd3ebd209790115ab837de41425723956ad3ce2e6a7f09890947cacb9"
dependencies = [
 "rand_core 0.3.1",
]

[[package]]
name = "rand_core"
version = "0.3.1"
source = "registry+https://github.com/rust-lang/crates.io-index"
checksum = "7a6fdeb83b075e8266dcc8762c22776f6877a63111121f5f8c7411e5be7eed4b"
dependencies = [
 "rand_core 0.4.2",
]

[[package]]
name = "rand_core"
version = "0.4.2"
source = "registry+https://github.com/rust-lang/crates.io-index"
checksum = "9c33a3c44ca05fa6f1807d8e6743f3824e8509beca625669633be0acbdf509dc"

[[package]]
name = "rand_core"
version = "0.6.4"
source = "registry+https://github.com/rust-lang/crates.io-index"
checksum = "ec0be4795e2f6a28069bec0b5ff3e2ac9bafc99e6a9a7dc3547996c5c816922c"

[[package]]
name = "riscv"
version = "0.5.4"
source = "registry+https://github.com/rust-lang/crates.io-index"
checksum = "6bb785ce81e0bd87b8d1d357266eeb03f081d9d5871a31e7f95b7e6fd67002eb"
dependencies = [
 "bare-metal 0.2.5",
 "bit_field 0.9.0",
]

[[package]]
name = "riscv"
version = "0.10.1"
source = "registry+https://github.com/rust-lang/crates.io-index"
checksum = "aa3145d2fae3778b1e31ec2e827b228bdc6abd9b74bb5705ba46dcb82069bc4f"
dependencies = [
 "bit_field 0.10.2",
 "critical-section",
 "embedded-hal",
]

[[package]]
name = "riscv-rt"
version = "0.6.2"
source = "registry+https://github.com/rust-lang/crates.io-index"
checksum = "e5b540024086582df97c2e52b0f586977b9a14f95d7f6055438b355e9842b319"
dependencies = [
 "r0",
 "riscv 0.5.4",
 "riscv-rt-macros",
]

[[package]]
name = "riscv-rt-macros"
version = "0.1.6"
source = "registry+https://github.com/rust-lang/crates.io-index"
checksum = "3525f8341898dec060782087b7a15969e1cfe52818afacc47709265c19a23d53"
dependencies = [
 "proc-macro2 0.4.30",
 "quote 0.6.13",
 "rand",
 "syn 0.15.44",
]

[[package]]
name = "rtcc"
version = "0.2.1"
source = "registry+https://github.com/rust-lang/crates.io-index"
checksum = "ef35f9dcbf434a34dcc99b3ebba1c1945d49c70832958e932e83dc63a5273994"
dependencies = [
 "chrono",
]

[[package]]
name = "rtt-target"
version = "0.3.1"
source = "registry+https://github.com/rust-lang/crates.io-index"
checksum = "065d6058bb1204f51a562a67209e1817cf714759d5cf845aa45c75fa7b0b9d9b"
dependencies = [
 "cortex-m 0.7.7",
 "ufmt-write",
]

[[package]]
name = "rustc_version"
version = "0.2.3"
source = "registry+https://github.com/rust-lang/crates.io-index"
checksum = "138e3e0acb6c9fb258b19b67cb8abd63c00679d2851805ea151465464fe9030a"
dependencies = [
 "semver 0.9.0",
]

[[package]]
name = "rustc_version"
version = "0.4.0"
source = "registry+https://github.com/rust-lang/crates.io-index"
checksum = "bfa0f585226d2e68097d4f95d113b15b83a82e819ab25717ec0590d9584ef366"
dependencies = [
 "semver 1.0.17",
]

[[package]]
name = "semver"
version = "0.9.0"
source = "registry+https://github.com/rust-lang/crates.io-index"
checksum = "1d7eb9ef2c18661902cc47e535f9bc51b78acd254da71d375c2f6720d9a40403"
dependencies = [
 "semver-parser",
]

[[package]]
name = "semver"
version = "1.0.17"
source = "registry+https://github.com/rust-lang/crates.io-index"
checksum = "bebd363326d05ec3e2f532ab7660680f3b02130d780c299bca73469d521bc0ed"

[[package]]
name = "semver-parser"
version = "0.7.0"
source = "registry+https://github.com/rust-lang/crates.io-index"
checksum = "388a1df253eca08550bef6c72392cfe7c30914bf41df5269b68cbd6ff8f570a3"

[[package]]
name = "serde"
version = "1.0.164"
source = "registry+https://github.com/rust-lang/crates.io-index"
checksum = "9e8c8cf938e98f769bc164923b06dce91cea1751522f46f8466461af04c9027d"

[[package]]
name = "ssmarshal"
version = "1.0.0"
source = "registry+https://github.com/rust-lang/crates.io-index"
checksum = "f3e6ad23b128192ed337dfa4f1b8099ced0c2bf30d61e551b65fda5916dbb850"
dependencies = [
 "encode_unicode",
 "serde",
]

[[package]]
name = "stable_deref_trait"
version = "1.2.0"
source = "registry+https://github.com/rust-lang/crates.io-index"
checksum = "a8f112729512f8e442d81f95a8a7ddf2b7c6b8a1a6f509a95864142b30cab2d3"

[[package]]
name = "stm32-log"
version = "0.1.0"
dependencies = [
 "bbqueue",
 "cortex-m 0.7.7",
 "heapless",
 "log",
 "stm32f4xx-hal",
]

[[package]]
name = "stm32f4"
version = "0.14.0"
source = "registry+https://github.com/rust-lang/crates.io-index"
checksum = "379f030a0586d0aa3574cb6497392142ddf125c8146b7b580b4b6b46db9d7dc9"
dependencies = [
 "bare-metal 1.0.0",
 "cortex-m 0.7.7",
 "cortex-m-rt",
 "vcell",
]

[[package]]
name = "stm32f4xx-hal"
version = "0.11.1"
source = "registry+https://github.com/rust-lang/crates.io-index"
checksum = "a9e687d08bd5a2d188109b8c325cb09f1c9f231b2c45e46bcbb1270bf5e912a3"
dependencies = [
 "bare-metal 1.0.0",
 "cast 0.3.0",
 "cortex-m 0.7.7",
 "cortex-m-rt",
 "embedded-dma",
 "embedded-hal",
 "fugit",
 "nb 1.1.0",
 "rand_core 0.6.4",
 "rtcc",
 "stm32f4",
 "synopsys-usb-otg",
 "void",
]

[[package]]
name = "stm32f7"
version = "0.14.0"
source = "registry+https://github.com/rust-lang/crates.io-index"
checksum = "b7c0afd45eee4e6d73c2146862ae899912a18ece42e392d095c4a449db99e543"
dependencies = [
 "bare-metal 1.0.0",
 "cortex-m 0.7.7",
 "cortex-m-rt",
 "vcell",
]

[[package]]
name = "stm32f7xx-hal"
version = "0.6.0"
source = "registry+https://github.com/rust-lang/crates.io-index"
checksum = "fb67550a7e19c2b4f5646a159df0c616d93ab880e13ab7ec48318dd965fa908a"
dependencies = [
 "as-slice",
 "bare-metal 0.2.5",
 "bxcan",
 "cast 0.2.7",
 "cortex-m 0.7.7",
 "cortex-m-rt",
 "embedded-hal",
 "embedded-time",
 "micromath",
 "nb 0.1.3",
 "rand_core 0.6.4",
 "rtcc",
 "stm32f7",
 "synopsys-usb-otg",
 "void",
]

[[package]]
name = "syn"
version = "0.15.44"
source = "registry+https://github.com/rust-lang/crates.io-index"
checksum = "9ca4b3b69a77cbe1ffc9e198781b7acb0c7365a883670e8f1c1bc66fba79a5c5"
dependencies = [
 "proc-macro2 0.4.30",
 "quote 0.6.13",
 "unicode-xid",
]

[[package]]
name = "syn"
version = "1.0.109"
source = "registry+https://github.com/rust-lang/crates.io-index"
checksum = "72b64191b275b66ffe2469e8af2c1cfe3bafa67b529ead792a6d0160888b4237"
dependencies = [
 "proc-macro2 1.0.60",
 "quote 1.0.28",
 "unicode-ident",
]

[[package]]
name = "synopsys-usb-otg"
version = "0.2.4"
dependencies = [
 "cortex-m 0.6.7",
 "riscv 0.5.4",
 "usb-device",
 "vcell",
]

[[package]]
name = "typenum"
version = "1.16.0"
source = "registry+https://github.com/rust-lang/crates.io-index"
checksum = "497961ef93d974e23eb6f433eb5fe1b7930b659f06d12dec6fc44a8f554c0bba"

[[package]]
name = "ufmt-write"
version = "0.1.0"
source = "registry+https://github.com/rust-lang/crates.io-index"
checksum = "e87a2ed6b42ec5e28cc3b94c09982969e9227600b2e3dcbc1db927a84c06bd69"

[[package]]
name = "unicode-ident"
version = "1.0.9"
source = "registry+https://github.com/rust-lang/crates.io-index"
checksum = "b15811caf2415fb889178633e7724bad2509101cde276048e013b9def5e51fa0"

[[package]]
name = "unicode-xid"
version = "0.1.0"
source = "registry+https://github.com/rust-lang/crates.io-index"
checksum = "fc72304796d0818e357ead4e000d19c9c174ab23dc11093ac919054d20a6a7fc"

[[package]]
name = "usb-device"
version = "0.2.9"
source = "registry+https://github.com/rust-lang/crates.io-index"
checksum = "1f6cc3adc849b5292b4075fc0d5fdcf2f24866e88e336dd27a8943090a520508"

[[package]]
name = "usbd-hid"
version = "0.6.1"
source = "git+https://github.com/twitchyliquid64/usbd-hid#8ed31a1512afd1545dbda1b744ac72abd924068f"
dependencies = [
 "serde",
 "ssmarshal",
 "usb-device",
 "usbd-hid-macros",
]

[[package]]
name = "usbd-hid-descriptors"
version = "0.1.2"
source = "git+https://github.com/twitchyliquid64/usbd-hid#8ed31a1512afd1545dbda1b744ac72abd924068f"
dependencies = [
 "bitfield 0.14.0",
]

[[package]]
name = "usbd-hid-macros"
version = "0.6.0"
source = "git+https://github.com/twitchyliquid64/usbd-hid#8ed31a1512afd1545dbda1b744ac72abd924068f"
dependencies = [
 "byteorder",
 "hashbrown",
 "log",
 "proc-macro2 1.0.60",
 "quote 1.0.28",
 "serde",
 "syn 1.0.109",
 "usbd-hid-descriptors",
]

[[package]]
name = "usbd-serial"
version = "0.1.1"
source = "registry+https://github.com/rust-lang/crates.io-index"
checksum = "db75519b86287f12dcf0d171c7cf4ecc839149fe9f3b720ac4cfce52959e1dfe"
dependencies = [
 "embedded-hal",
 "nb 0.1.3",
 "usb-device",
]

[[package]]
name = "vcell"
version = "0.1.3"
source = "registry+https://github.com/rust-lang/crates.io-index"
checksum = "77439c1b53d2303b20d9459b1ade71a83c716e3f9c34f3228c00e6f185d6c002"

[[package]]
name = "version_check"
version = "0.9.4"
source = "registry+https://github.com/rust-lang/crates.io-index"
checksum = "49874b5167b65d7193b8aba1567f5c7d93d001cafc34600cee003eda787e483f"

[[package]]
name = "void"
version = "1.0.2"
source = "registry+https://github.com/rust-lang/crates.io-index"
checksum = "6a02e4885ed3bc0f2de90ea6dd45ebcbb66dacffe03547fadbb0eeae2770887d"

[[package]]
name = "volatile-register"
version = "0.2.1"
source = "registry+https://github.com/rust-lang/crates.io-index"
checksum = "9ee8f19f9d74293faf70901bc20ad067dc1ad390d2cbf1e3f75f721ffee908b6"
dependencies = [
 "vcell",
]
